// !$*UTF8*$!
{
	archiveVersion = 1;
	classes = {
	};
	objectVersion = 46;
	objects = {

/* Begin PBXBuildFile section */
		04B660311D8A0BF200B00E59 /* AppDelegate.swift in Sources */ = {isa = PBXBuildFile; fileRef = 04B660301D8A0BF200B00E59 /* AppDelegate.swift */; };
		04B660331D8A0BF200B00E59 /* Assets.xcassets in Resources */ = {isa = PBXBuildFile; fileRef = 04B660321D8A0BF200B00E59 /* Assets.xcassets */; };
		04B660361D8A0BF200B00E59 /* MainMenu.xib in Resources */ = {isa = PBXBuildFile; fileRef = 04B660341D8A0BF200B00E59 /* MainMenu.xib */; };
		04B6603E1D8A623600B00E59 /* sample.jpg in Resources */ = {isa = PBXBuildFile; fileRef = 04B6603D1D8A623600B00E59 /* sample.jpg */; };
/* End PBXBuildFile section */

/* Begin PBXFileReference section */
		04B6602D1D8A0BF200B00E59 /* JCCropper.app */ = {isa = PBXFileReference; explicitFileType = wrapper.application; includeInIndex = 0; path = JCCropper.app; sourceTree = BUILT_PRODUCTS_DIR; };
		04B660301D8A0BF200B00E59 /* AppDelegate.swift */ = {isa = PBXFileReference; lastKnownFileType = sourcecode.swift; path = AppDelegate.swift; sourceTree = "<group>"; };
		04B660321D8A0BF200B00E59 /* Assets.xcassets */ = {isa = PBXFileReference; lastKnownFileType = folder.assetcatalog; path = Assets.xcassets; sourceTree = "<group>"; };
		04B660351D8A0BF200B00E59 /* Base */ = {isa = PBXFileReference; lastKnownFileType = file.xib; name = Base; path = Base.lproj/MainMenu.xib; sourceTree = "<group>"; };
		04B660371D8A0BF200B00E59 /* Info.plist */ = {isa = PBXFileReference; lastKnownFileType = text.plist.xml; path = Info.plist; sourceTree = "<group>"; };
		04B6603D1D8A623600B00E59 /* sample.jpg */ = {isa = PBXFileReference; lastKnownFileType = image.jpeg; path = sample.jpg; sourceTree = "<group>"; };
/* End PBXFileReference section */

/* Begin PBXFrameworksBuildPhase section */
		04B6602A1D8A0BF200B00E59 /* Frameworks */ = {
			isa = PBXFrameworksBuildPhase;
			buildActionMask = 2147483647;
			files = (
			);
			runOnlyForDeploymentPostprocessing = 0;
		};
/* End PBXFrameworksBuildPhase section */

/* Begin PBXGroup section */
		04B660241D8A0BF200B00E59 = {
			isa = PBXGroup;
			children = (
				04B6602F1D8A0BF200B00E59 /* JCCropper */,
				04B6602E1D8A0BF200B00E59 /* Products */,
			);
			sourceTree = "<group>";
		};
		04B6602E1D8A0BF200B00E59 /* Products */ = {
			isa = PBXGroup;
			children = (
				04B6602D1D8A0BF200B00E59 /* JCCropper.app */,
			);
			name = Products;
			sourceTree = "<group>";
		};
		04B6602F1D8A0BF200B00E59 /* JCCropper */ = {
			isa = PBXGroup;
			children = (
				04B660301D8A0BF200B00E59 /* AppDelegate.swift */,
				04B660321D8A0BF200B00E59 /* Assets.xcassets */,
				04B660341D8A0BF200B00E59 /* MainMenu.xib */,
				04B660371D8A0BF200B00E59 /* Info.plist */,
				04B6603D1D8A623600B00E59 /* sample.jpg */,
			);
			path = JCCropper;
			sourceTree = "<group>";
		};
/* End PBXGroup section */

/* Begin PBXNativeTarget section */
		04B6602C1D8A0BF200B00E59 /* JCCropper */ = {
			isa = PBXNativeTarget;
			buildConfigurationList = 04B6603A1D8A0BF200B00E59 /* Build configuration list for PBXNativeTarget "JCCropper" */;
			buildPhases = (
				04B660291D8A0BF200B00E59 /* Sources */,
				04B6602A1D8A0BF200B00E59 /* Frameworks */,
				04B6602B1D8A0BF200B00E59 /* Resources */,
			);
			buildRules = (
			);
			dependencies = (
			);
			name = JCCropper;
			productName = JCCropper;
			productReference = 04B6602D1D8A0BF200B00E59 /* JCCropper.app */;
			productType = "com.apple.product-type.application";
		};
/* End PBXNativeTarget section */

/* Begin PBXProject section */
		04B660251D8A0BF200B00E59 /* Project object */ = {
			isa = PBXProject;
			attributes = {
				LastSwiftUpdateCheck = 0730;
				LastUpgradeCheck = 0730;
				ORGANIZATIONNAME = banzon;
				TargetAttributes = {
					04B6602C1D8A0BF200B00E59 = {
						CreatedOnToolsVersion = 7.3.1;
					};
				};
			};
			buildConfigurationList = 04B660281D8A0BF200B00E59 /* Build configuration list for PBXProject "JCCropper" */;
			compatibilityVersion = "Xcode 3.2";
			developmentRegion = English;
			hasScannedForEncodings = 0;
			knownRegions = (
				en,
				Base,
			);
			mainGroup = 04B660241D8A0BF200B00E59;
			productRefGroup = 04B6602E1D8A0BF200B00E59 /* Products */;
			projectDirPath = "";
			projectRoot = "";
			targets = (
				04B6602C1D8A0BF200B00E59 /* JCCropper */,
			);
		};
/* End PBXProject section */

/* Begin PBXResourcesBuildPhase section */
		04B6602B1D8A0BF200B00E59 /* Resources */ = {
			isa = PBXResourcesBuildPhase;
			buildActionMask = 2147483647;
			files = (
				04B660331D8A0BF200B00E59 /* Assets.xcassets in Resources */,
				04B6603E1D8A623600B00E59 /* sample.jpg in Resources */,
				04B660361D8A0BF200B00E59 /* MainMenu.xib in Resources */,
			);
			runOnlyForDeploymentPostprocessing = 0;
		};
/* End PBXResourcesBuildPhase section */

/* Begin PBXSourcesBuildPhase section */
		04B660291D8A0BF200B00E59 /* Sources */ = {
			isa = PBXSourcesBuildPhase;
			buildActionMask = 2147483647;
			files = (
				04B660311D8A0BF200B00E59 /* AppDelegate.swift in Sources */,
			);
			runOnlyForDeploymentPostprocessing = 0;
		};
/* End PBXSourcesBuildPhase section */

/* Begin PBXVariantGroup section */
		04B660341D8A0BF200B00E59 /* MainMenu.xib */ = {
			isa = PBXVariantGroup;
			children = (
				04B660351D8A0BF200B00E59 /* Base */,
			);
			name = MainMenu.xib;
			sourceTree = "<group>";
		};
/* End PBXVariantGroup section */

/* Begin XCBuildConfiguration section */
		04B660381D8A0BF200B00E59 /* Debug */ = {
			isa = XCBuildConfiguration;
			buildSettings = {
				ALWAYS_SEARCH_USER_PATHS = NO;
				CLANG_ANALYZER_NONNULL = YES;
				CLANG_CXX_LANGUAGE_STANDARD = "gnu++0x";
				CLANG_CXX_LIBRARY = "libc++";
				CLANG_ENABLE_MODULES = YES;
				CLANG_ENABLE_OBJC_ARC = YES;
				CLANG_WARN_BOOL_CONVERSION = YES;
				CLANG_WARN_CONSTANT_CONVERSION = YES;
				CLANG_WARN_DIRECT_OBJC_ISA_USAGE = YES_ERROR;
				CLANG_WARN_EMPTY_BODY = YES;
				CLANG_WARN_ENUM_CONVERSION = YES;
				CLANG_WARN_INT_CONVERSION = YES;
				CLANG_WARN_OBJC_ROOT_CLASS = YES_ERROR;
				CLANG_WARN_UNREACHABLE_CODE = YES;
				CLANG_WARN__DUPLICATE_METHOD_MATCH = YES;
				CODE_SIGN_IDENTITY = "-";
				COPY_PHASE_STRIP = NO;
				DEBUG_INFORMATION_FORMAT = dwarf;
				ENABLE_STRICT_OBJC_MSGSEND = YES;
				ENABLE_TESTABILITY = YES;
				GCC_C_LANGUAGE_STANDARD = gnu99;
				GCC_DYNAMIC_NO_PIC = NO;
				GCC_NO_COMMON_BLOCKS = YES;
				GCC_OPTIMIZATION_LEVEL = 0;
				GCC_PREPROCESSOR_DEFINITIONS = (
					"DEBUG=1",
					"$(inherited)",
				);
				GCC_WARN_64_TO_32_BIT_CONVERSION = YES;
				GCC_WARN_ABOUT_RETURN_TYPE = YES_ERROR;
				GCC_WARN_UNDECLARED_SELECTOR = YES;
				GCC_WARN_UNINITIALIZED_AUTOS = YES_AGGRESSIVE;
				GCC_WARN_UNUSED_FUNCTION = YES;
				GCC_WARN_UNUSED_VARIABLE = YES;
				MACOSX_DEPLOYMENT_TARGET = 10.11;
				MTL_ENABLE_DEBUG_INFO = YES;
				ONLY_ACTIVE_ARCH = YES;
				SDKROOT = macosx;
				SWIFT_OPTIMIZATION_LEVEL = "-Onone";
			};
			name = Debug;
		};
		04B660391D8A0BF200B00E59 /* Release */ = {
			isa = XCBuildConfiguration;
			buildSettings = {
				ALWAYS_SEARCH_USER_PATHS = NO;
				CLANG_ANALYZER_NONNULL = YES;
				CLANG_CXX_LANGUAGE_STANDARD = "gnu++0x";
				CLANG_CXX_LIBRARY = "libc++";
				CLANG_ENABLE_MODULES = YES;
				CLANG_ENABLE_OBJC_ARC = YES;
				CLANG_WARN_BOOL_CONVERSION = YES;
				CLANG_WARN_CONSTANT_CONVERSION = YES;
				CLANG_WARN_DIRECT_OBJC_ISA_USAGE = YES_ERROR;
				CLANG_WARN_EMPTY_BODY = YES;
				CLANG_WARN_ENUM_CONVERSION = YES;
				CLANG_WARN_INT_CONVERSION = YES;
				CLANG_WARN_OBJC_ROOT_CLASS = YES_ERROR;
				CLANG_WARN_UNREACHABLE_CODE = YES;
				CLANG_WARN__DUPLICATE_METHOD_MATCH = YES;
				CODE_SIGN_IDENTITY = "-";
				COPY_PHASE_STRIP = NO;
				DEBUG_INFORMATION_FORMAT = "dwarf-with-dsym";
				ENABLE_NS_ASSERTIONS = NO;
				ENABLE_STRICT_OBJC_MSGSEND = YES;
				GCC_C_LANGUAGE_STANDARD = gnu99;
				GCC_NO_COMMON_BLOCKS = YES;
				GCC_WARN_64_TO_32_BIT_CONVERSION = YES;
				GCC_WARN_ABOUT_RETURN_TYPE = YES_ERROR;
				GCC_WARN_UNDECLARED_SELECTOR = YES;
				GCC_WARN_UNINITIALIZED_AUTOS = YES_AGGRESSIVE;
				GCC_WARN_UNUSED_FUNCTION = YES;
				GCC_WARN_UNUSED_VARIABLE = YES;
				MACOSX_DEPLOYMENT_TARGET = 10.11;
				MTL_ENABLE_DEBUG_INFO = NO;
				SDKROOT = macosx;
			};
			name = Release;
		};
		04B6603B1D8A0BF200B00E59 /* Debug */ = {
			isa = XCBuildConfiguration;
			buildSettings = {
				ASSETCATALOG_COMPILER_APPICON_NAME = AppIcon;
				COMBINE_HIDPI_IMAGES = YES;
				INFOPLIST_FILE = JCCropper/Info.plist;
				LD_RUNPATH_SEARCH_PATHS = "$(inherited) @executable_path/../Frameworks";
				PRODUCT_BUNDLE_IDENTIFIER = com.banzon.JCCropper;
				PRODUCT_NAME = "$(TARGET_NAME)";
			};
			name = Debug;
		};
		04B6603C1D8A0BF200B00E59 /* Release */ = {
			isa = XCBuildConfiguration;
			buildSettings = {
				ASSETCATALOG_COMPILER_APPICON_NAME = AppIcon;
				COMBINE_HIDPI_IMAGES = YES;
				INFOPLIST_FILE = JCCropper/Info.plist;
				LD_RUNPATH_SEARCH_PATHS = "$(inherited) @executable_path/../Frameworks";
				PRODUCT_BUNDLE_IDENTIFIER = com.banzon.JCCropper;
				PRODUCT_NAME = "$(TARGET_NAME)";
			};
			name = Release;
		};
/* End XCBuildConfiguration section */

/* Begin XCConfigurationList section */
		04B660281D8A0BF200B00E59 /* Build configuration list for PBXProject "JCCropper" */ = {
			isa = XCConfigurationList;
			buildConfigurations = (
				04B660381D8A0BF200B00E59 /* Debug */,
				04B660391D8A0BF200B00E59 /* Release */,
			);
			defaultConfigurationIsVisible = 0;
			defaultConfigurationName = Release;
		};
		04B6603A1D8A0BF200B00E59 /* Build configuration list for PBXNativeTarget "JCCropper" */ = {
			isa = XCConfigurationList;
			buildConfigurations = (
				04B6603B1D8A0BF200B00E59 /* Debug */,
				04B6603C1D8A0BF200B00E59 /* Release */,
			);
			defaultConfigurationIsVisible = 0;
		};
/* End XCConfigurationList section */
	};
	rootObject = 04B660251D8A0BF200B00E59 /* Project object */;
}
